
Microsoft Visual Studio Solution File, Format Version 12.00
# Visual Studio Version 17
VisualStudioVersion = 17.5.33516.290
MinimumVisualStudioVersion = 10.0.40219.1
Project("{FAE04EC0-301F-11D3-BF4B-00C04F79EFBC}") = "DemoConsoleApp", "DemoConsoleApp\DemoConsoleApp.csproj", "{5C360E5C-99BD-482E-9F7C-0DBF8452191A}"
EndProject
Project("{FAE04EC0-301F-11D3-BF4B-00C04F79EFBC}") = "Domain", "Domain\Domain.csproj", "{CF5D6433-81F2-4CF9-94D5-3FADE31E360B}"
EndProject
Project("{FAE04EC0-301F-11D3-BF4B-00C04F79EFBC}") = "DataAccess", "DataAccess\DataAccess.csproj", "{D15C1519-B36F-42C8-9288-84DFC3E2553F}"
EndProject
Project("{FAE04EC0-301F-11D3-BF4B-00C04F79EFBC}") = "DomainTest", "DomainTest\DomainTest.csproj", "{976FA939-213F-4794-85C7-967944E48551}"
EndProject
Project("{FAE04EC0-301F-11D3-BF4B-00C04F79EFBC}") = "DomainService", "DomainService\DomainService.csproj", "{6585E4E2-A4E8-4365-BAE8-3D4A1BE17AD0}"
EndProject
Global
	GlobalSection(SolutionConfigurationPlatforms) = preSolution
		Debug|Any CPU = Debug|Any CPU
		Release|Any CPU = Release|Any CPU
	EndGlobalSection
	GlobalSection(ProjectConfigurationPlatforms) = postSolution
		{5C360E5C-99BD-482E-9F7C-0DBF8452191A}.Debug|Any CPU.ActiveCfg = Debug|Any CPU
		{5C360E5C-99BD-482E-9F7C-0DBF8452191A}.Debug|Any CPU.Build.0 = Debug|Any CPU
		{5C360E5C-99BD-482E-9F7C-0DBF8452191A}.Release|Any CPU.ActiveCfg = Release|Any CPU
		{5C360E5C-99BD-482E-9F7C-0DBF8452191A}.Release|Any CPU.Build.0 = Release|Any CPU
		{CF5D6433-81F2-4CF9-94D5-3FADE31E360B}.Debug|Any CPU.ActiveCfg = Debug|Any CPU
		{CF5D6433-81F2-4CF9-94D5-3FADE31E360B}.Debug|Any CPU.Build.0 = Debug|Any CPU
		{CF5D6433-81F2-4CF9-94D5-3FADE31E360B}.Release|Any CPU.ActiveCfg = Release|Any CPU
		{CF5D6433-81F2-4CF9-94D5-3FADE31E360B}.Release|Any CPU.Build.0 = Release|Any CPU
		{D15C1519-B36F-42C8-9288-84DFC3E2553F}.Debug|Any CPU.ActiveCfg = Debug|Any CPU
		{D15C1519-B36F-42C8-9288-84DFC3E2553F}.Debug|Any CPU.Build.0 = Debug|Any CPU
		{D15C1519-B36F-42C8-9288-84DFC3E2553F}.Release|Any CPU.ActiveCfg = Release|Any CPU
		{D15C1519-B36F-42C8-9288-84DFC3E2553F}.Release|Any CPU.Build.0 = Release|Any CPU
		{976FA939-213F-4794-85C7-967944E48551}.Debug|Any CPU.ActiveCfg = Debug|Any CPU
		{976FA939-213F-4794-85C7-967944E48551}.Debug|Any CPU.Build.0 = Debug|Any CPU
		{976FA939-213F-4794-85C7-967944E48551}.Release|Any CPU.ActiveCfg = Release|Any CPU
		{976FA939-213F-4794-85C7-967944E48551}.Release|Any CPU.Build.0 = Release|Any CPU
		{6585E4E2-A4E8-4365-BAE8-3D4A1BE17AD0}.Debug|Any CPU.ActiveCfg = Debug|Any CPU
		{6585E4E2-A4E8-4365-BAE8-3D4A1BE17AD0}.Debug|Any CPU.Build.0 = Debug|Any CPU
		{6585E4E2-A4E8-4365-BAE8-3D4A1BE17AD0}.Release|Any CPU.ActiveCfg = Release|Any CPU
		{6585E4E2-A4E8-4365-BAE8-3D4A1BE17AD0}.Release|Any CPU.Build.0 = Release|Any CPU
	EndGlobalSection
	GlobalSection(SolutionProperties) = preSolution
		HideSolutionNode = FALSE
	EndGlobalSection
	GlobalSection(ExtensibilityGlobals) = postSolution
		SolutionGuid = {13328501-ACDA-4A8F-A206-36DF626CDFBF}
	EndGlobalSection
EndGlobal
